
Microsoft Visual Studio Solution File, Format Version 12.00
# Visual Studio 15
VisualStudioVersion = 15.0.28307.572
MinimumVisualStudioVersion = 10.0.40219.1
Project("{FAE04EC0-301F-11D3-BF4B-00C04F79EFBC}") = "DataBindingDemos.Android", "DataBindingDemos\DataBindingDemos.Android\DataBindingDemos.Android.csproj", "{84BFA8A1-CC2B-4112-BC37-1069C873479C}"
EndProject
Project("{FAE04EC0-301F-11D3-BF4B-00C04F79EFBC}") = "DataBindingDemos.iOS", "DataBindingDemos\DataBindingDemos.iOS\DataBindingDemos.iOS.csproj", "{F6665C35-87E7-4093-B6E8-177EE51F7F5F}"
EndProject
Project("{FAE04EC0-301F-11D3-BF4B-00C04F79EFBC}") = "DataBindingDemos", "DataBindingDemos\DataBindingDemos\DataBindingDemos.csproj", "{E2D495D8-3A30-41DD-8BF4-2F6F4CACDAD2}"
EndProject
Global
	GlobalSection(SolutionConfigurationPlatforms) = preSolution
		Ad-Hoc|Any CPU = Ad-Hoc|Any CPU
		Ad-Hoc|iPhone = Ad-Hoc|iPhone
		Ad-Hoc|iPhoneSimulator = Ad-Hoc|iPhoneSimulator
		AppStore|Any CPU = AppStore|Any CPU
		AppStore|iPhone = AppStore|iPhone
		AppStore|iPhoneSimulator = AppStore|iPhoneSimulator
		Debug|Any CPU = Debug|Any CPU
		Debug|iPhone = Debug|iPhone
		Debug|iPhoneSimulator = Debug|iPhoneSimulator
		Release|Any CPU = Release|Any CPU
		Release|iPhone = Release|iPhone
		Release|iPhoneSimulator = Release|iPhoneSimulator
	EndGlobalSection
	GlobalSection(ProjectConfigurationPlatforms) = postSolution
		{84BFA8A1-CC2B-4112-BC37-1069C873479C}.Ad-Hoc|Any CPU.ActiveCfg = Release|Any CPU
		{84BFA8A1-CC2B-4112-BC37-1069C873479C}.Ad-Hoc|Any CPU.Build.0 = Release|Any CPU
		{84BFA8A1-CC2B-4112-BC37-1069C873479C}.Ad-Hoc|Any CPU.Deploy.0 = Release|Any CPU
		{84BFA8A1-CC2B-4112-BC37-1069C873479C}.Ad-Hoc|iPhone.ActiveCfg = Release|Any CPU
		{84BFA8A1-CC2B-4112-BC37-1069C873479C}.Ad-Hoc|iPhone.Build.0 = Release|Any CPU
		{84BFA8A1-CC2B-4112-BC37-1069C873479C}.Ad-Hoc|iPhone.Deploy.0 = Release|Any CPU
		{84BFA8A1-CC2B-4112-BC37-1069C873479C}.Ad-Hoc|iPhoneSimulator.ActiveCfg = Release|Any CPU
		{84BFA8A1-CC2B-4112-BC37-1069C873479C}.Ad-Hoc|iPhoneSimulator.Build.0 = Release|Any CPU
		{84BFA8A1-CC2B-4112-BC37-1069C873479C}.Ad-Hoc|iPhoneSimulator.Deploy.0 = Release|Any CPU
		{84BFA8A1-CC2B-4112-BC37-1069C873479C}.AppStore|Any CPU.ActiveCfg = Release|Any CPU
		{84BFA8A1-CC2B-4112-BC37-1069C873479C}.AppStore|Any CPU.Build.0 = Release|Any CPU
		{84BFA8A1-CC2B-4112-BC37-1069C873479C}.AppStore|Any CPU.Deploy.0 = Release|Any CPU
		{84BFA8A1-CC2B-4112-BC37-1069C873479C}.AppStore|iPhone.ActiveCfg = Release|Any CPU
		{84BFA8A1-CC2B-4112-BC37-1069C873479C}.AppStore|iPhone.Build.0 = Release|Any CPU
		{84BFA8A1-CC2B-4112-BC37-1069C873479C}.AppStore|iPhone.Deploy.0 = Release|Any CPU
		{84BFA8A1-CC2B-4112-BC37-1069C873479C}.AppStore|iPhoneSimulator.ActiveCfg = Release|Any CPU
		{84BFA8A1-CC2B-4112-BC37-1069C873479C}.AppStore|iPhoneSimulator.Build.0 = Release|Any CPU
		{84BFA8A1-CC2B-4112-BC37-1069C873479C}.AppStore|iPhoneSimulator.Deploy.0 = Release|Any CPU
		{84BFA8A1-CC2B-4112-BC37-1069C873479C}.Debug|Any CPU.ActiveCfg = Debug|Any CPU
		{84BFA8A1-CC2B-4112-BC37-1069C873479C}.Debug|Any CPU.Build.0 = Debug|Any CPU
		{84BFA8A1-CC2B-4112-BC37-1069C873479C}.Debug|Any CPU.Deploy.0 = Debug|Any CPU
		{84BFA8A1-CC2B-4112-BC37-1069C873479C}.Debug|iPhone.ActiveCfg = Debug|Any CPU
		{84BFA8A1-CC2B-4112-BC37-1069C873479C}.Debug|iPhone.Build.0 = Debug|Any CPU
		{84BFA8A1-CC2B-4112-BC37-1069C873479C}.Debug|iPhone.Deploy.0 = Debug|Any CPU
		{84BFA8A1-CC2B-4112-BC37-1069C873479C}.Debug|iPhoneSimulator.ActiveCfg = Debug|Any CPU
		{84BFA8A1-CC2B-4112-BC37-1069C873479C}.Debug|iPhoneSimulator.Build.0 = Debug|Any CPU
		{84BFA8A1-CC2B-4112-BC37-1069C873479C}.Debug|iPhoneSimulator.Deploy.0 = Debug|Any CPU
		{84BFA8A1-CC2B-4112-BC37-1069C873479C}.Release|Any CPU.ActiveCfg = Release|Any CPU
		{84BFA8A1-CC2B-4112-BC37-1069C873479C}.Release|Any CPU.Build.0 = Release|Any CPU
		{84BFA8A1-CC2B-4112-BC37-1069C873479C}.Release|Any CPU.Deploy.0 = Release|Any CPU
		{84BFA8A1-CC2B-4112-BC37-1069C873479C}.Release|iPhone.ActiveCfg = Release|Any CPU
		{84BFA8A1-CC2B-4112-BC37-1069C873479C}.Release|iPhone.Build.0 = Release|Any CPU
		{84BFA8A1-CC2B-4112-BC37-1069C873479C}.Release|iPhone.Deploy.0 = Release|Any CPU
		{84BFA8A1-CC2B-4112-BC37-1069C873479C}.Release|iPhoneSimulator.ActiveCfg = Release|Any CPU
		{84BFA8A1-CC2B-4112-BC37-1069C873479C}.Release|iPhoneSimulator.Build.0 = Release|Any CPU
		{84BFA8A1-CC2B-4112-BC37-1069C873479C}.Release|iPhoneSimulator.Deploy.0 = Release|Any CPU
		{F6665C35-87E7-4093-B6E8-177EE51F7F5F}.Ad-Hoc|Any CPU.ActiveCfg = Ad-Hoc|iPhone
		{F6665C35-87E7-4093-B6E8-177EE51F7F5F}.Ad-Hoc|Any CPU.Build.0 = Ad-Hoc|iPhone
		{F6665C35-87E7-4093-B6E8-177EE51F7F5F}.Ad-Hoc|Any CPU.Deploy.0 = Ad-Hoc|iPhone
		{F6665C35-87E7-4093-B6E8-177EE51F7F5F}.Ad-Hoc|iPhone.ActiveCfg = Ad-Hoc|iPhone
		{F6665C35-87E7-4093-B6E8-177EE51F7F5F}.Ad-Hoc|iPhone.Build.0 = Ad-Hoc|iPhone
		{F6665C35-87E7-4093-B6E8-177EE51F7F5F}.Ad-Hoc|iPhone.Deploy.0 = Ad-Hoc|iPhone
		{F6665C35-87E7-4093-B6E8-177EE51F7F5F}.Ad-Hoc|iPhoneSimulator.ActiveCfg = Ad-Hoc|iPhoneSimulator
		{F6665C35-87E7-4093-B6E8-177EE51F7F5F}.Ad-Hoc|iPhoneSimulator.Build.0 = Ad-Hoc|iPhoneSimulator
		{F6665C35-87E7-4093-B6E8-177EE51F7F5F}.Ad-Hoc|iPhoneSimulator.Deploy.0 = Ad-Hoc|iPhoneSimulator
		{F6665C35-87E7-4093-B6E8-177EE51F7F5F}.AppStore|Any CPU.ActiveCfg = AppStore|iPhone
		{F6665C35-87E7-4093-B6E8-177EE51F7F5F}.AppStore|Any CPU.Build.0 = AppStore|iPhone
		{F6665C35-87E7-4093-B6E8-177EE51F7F5F}.AppStore|Any CPU.Deploy.0 = AppStore|iPhone
		{F6665C35-87E7-4093-B6E8-177EE51F7F5F}.AppStore|iPhone.ActiveCfg = AppStore|iPhone
		{F6665C35-87E7-4093-B6E8-177EE51F7F5F}.AppStore|iPhone.Build.0 = AppStore|iPhone
		{F6665C35-87E7-4093-B6E8-177EE51F7F5F}.AppStore|iPhone.Deploy.0 = AppStore|iPhone
		{F6665C35-87E7-4093-B6E8-177EE51F7F5F}.AppStore|iPhoneSimulator.ActiveCfg = AppStore|iPhoneSimulator
		{F6665C35-87E7-4093-B6E8-177EE51F7F5F}.AppStore|iPhoneSimulator.Build.0 = AppStore|iPhoneSimulator
		{F6665C35-87E7-4093-B6E8-177EE51F7F5F}.AppStore|iPhoneSimulator.Deploy.0 = AppStore|iPhoneSimulator
		{F6665C35-87E7-4093-B6E8-177EE51F7F5F}.Debug|Any CPU.ActiveCfg = Debug|iPhoneSimulator
		{F6665C35-87E7-4093-B6E8-177EE51F7F5F}.Debug|Any CPU.Build.0 = Debug|iPhoneSimulator
		{F6665C35-87E7-4093-B6E8-177EE51F7F5F}.Debug|Any CPU.Deploy.0 = Debug|iPhoneSimulator
		{F6665C35-87E7-4093-B6E8-177EE51F7F5F}.Debug|iPhone.ActiveCfg = Debug|iPhone
		{F6665C35-87E7-4093-B6E8-177EE51F7F5F}.Debug|iPhone.Build.0 = Debug|iPhone
		{F6665C35-87E7-4093-B6E8-177EE51F7F5F}.Debug|iPhone.Deploy.0 = Debug|iPhone
		{F6665C35-87E7-4093-B6E8-177EE51F7F5F}.Debug|iPhoneSimulator.ActiveCfg = Debug|iPhoneSimulator
		{F6665C35-87E7-4093-B6E8-177EE51F7F5F}.Debug|iPhoneSimulator.Build.0 = Debug|iPhoneSimulator
		{F6665C35-87E7-4093-B6E8-177EE51F7F5F}.Debug|iPhoneSimulator.Deploy.0 = Debug|iPhoneSimulator
		{F6665C35-87E7-4093-B6E8-177EE51F7F5F}.Release|Any CPU.ActiveCfg = Release|iPhone
		{F6665C35-87E7-4093-B6E8-177EE51F7F5F}.Release|Any CPU.Build.0 = Release|iPhone
		{F6665C35-87E7-4093-B6E8-177EE51F7F5F}.Release|Any CPU.Deploy.0 = Release|iPhone
		{F6665C35-87E7-4093-B6E8-177EE51F7F5F}.Release|iPhone.ActiveCfg = Release|iPhone
		{F6665C35-87E7-4093-B6E8-177EE51F7F5F}.Release|iPhone.Build.0 = Release|iPhone
		{F6665C35-87E7-4093-B6E8-177EE51F7F5F}.Release|iPhone.Deploy.0 = Release|iPhone
		{F6665C35-87E7-4093-B6E8-177EE51F7F5F}.Release|iPhoneSimulator.ActiveCfg = Release|iPhoneSimulator
		{F6665C35-87E7-4093-B6E8-177EE51F7F5F}.Release|iPhoneSimulator.Build.0 = Release|iPhoneSimulator
		{F6665C35-87E7-4093-B6E8-177EE51F7F5F}.Release|iPhoneSimulator.Deploy.0 = Release|iPhoneSimulator
		{E2D495D8-3A30-41DD-8BF4-2F6F4CACDAD2}.Ad-Hoc|Any CPU.ActiveCfg = Debug|Any CPU
		{E2D495D8-3A30-41DD-8BF4-2F6F4CACDAD2}.Ad-Hoc|Any CPU.Build.0 = Debug|Any CPU
		{E2D495D8-3A30-41DD-8BF4-2F6F4CACDAD2}.Ad-Hoc|Any CPU.Deploy.0 = Debug|Any CPU
		{E2D495D8-3A30-41DD-8BF4-2F6F4CACDAD2}.Ad-Hoc|iPhone.ActiveCfg = Debug|Any CPU
		{E2D495D8-3A30-41DD-8BF4-2F6F4CACDAD2}.Ad-Hoc|iPhone.Build.0 = Debug|Any CPU
		{E2D495D8-3A30-41DD-8BF4-2F6F4CACDAD2}.Ad-Hoc|iPhone.Deploy.0 = Debug|Any CPU
		{E2D495D8-3A30-41DD-8BF4-2F6F4CACDAD2}.Ad-Hoc|iPhoneSimulator.ActiveCfg = Debug|Any CPU
		{E2D495D8-3A30-41DD-8BF4-2F6F4CACDAD2}.Ad-Hoc|iPhoneSimulator.Build.0 = Debug|Any CPU
		{E2D495D8-3A30-41DD-8BF4-2F6F4CACDAD2}.Ad-Hoc|iPhoneSimulator.Deploy.0 = Debug|Any CPU
		{E2D495D8-3A30-41DD-8BF4-2F6F4CACDAD2}.AppStore|Any CPU.ActiveCfg = Debug|Any CPU
		{E2D495D8-3A30-41DD-8BF4-2F6F4CACDAD2}.AppStore|Any CPU.Build.0 = Debug|Any CPU
		{E2D495D8-3A30-41DD-8BF4-2F6F4CACDAD2}.AppStore|Any CPU.Deploy.0 = Debug|Any CPU
		{E2D495D8-3A30-41DD-8BF4-2F6F4CACDAD2}.AppStore|iPhone.ActiveCfg = Debug|Any CPU
		{E2D495D8-3A30-41DD-8BF4-2F6F4CACDAD2}.AppStore|iPhone.Build.0 = Debug|Any CPU
		{E2D495D8-3A30-41DD-8BF4-2F6F4CACDAD2}.AppStore|iPhone.Deploy.0 = Debug|Any CPU
		{E2D495D8-3A30-41DD-8BF4-2F6F4CACDAD2}.AppStore|iPhoneSimulator.ActiveCfg = Debug|Any CPU
		{E2D495D8-3A30-41DD-8BF4-2F6F4CACDAD2}.AppStore|iPhoneSimulator.Build.0 = Debug|Any CPU
		{E2D495D8-3A30-41DD-8BF4-2F6F4CACDAD2}.AppStore|iPhoneSimulator.Deploy.0 = Debug|Any CPU
		{E2D495D8-3A30-41DD-8BF4-2F6F4CACDAD2}.Debug|Any CPU.ActiveCfg = Debug|Any CPU
		{E2D495D8-3A30-41DD-8BF4-2F6F4CACDAD2}.Debug|Any CPU.Build.0 = Debug|Any CPU
		{E2D495D8-3A30-41DD-8BF4-2F6F4CACDAD2}.Debug|Any CPU.Deploy.0 = Debug|Any CPU
		{E2D495D8-3A30-41DD-8BF4-2F6F4CACDAD2}.Debug|iPhone.ActiveCfg = Debug|Any CPU
		{E2D495D8-3A30-41DD-8BF4-2F6F4CACDAD2}.Debug|iPhone.Build.0 = Debug|Any CPU
		{E2D495D8-3A30-41DD-8BF4-2F6F4CACDAD2}.Debug|iPhone.Deploy.0 = Debug|Any CPU
		{E2D495D8-3A30-41DD-8BF4-2F6F4CACDAD2}.Debug|iPhoneSimulator.ActiveCfg = Debug|Any CPU
		{E2D495D8-3A30-41DD-8BF4-2F6F4CACDAD2}.Debug|iPhoneSimulator.Build.0 = Debug|Any CPU
		{E2D495D8-3A30-41DD-8BF4-2F6F4CACDAD2}.Debug|iPhoneSimulator.Deploy.0 = Debug|Any CPU
		{E2D495D8-3A30-41DD-8BF4-2F6F4CACDAD2}.Release|Any CPU.ActiveCfg = Release|Any CPU
		{E2D495D8-3A30-41DD-8BF4-2F6F4CACDAD2}.Release|Any CPU.Build.0 = Release|Any CPU
		{E2D495D8-3A30-41DD-8BF4-2F6F4CACDAD2}.Release|Any CPU.Deploy.0 = Release|Any CPU
		{E2D495D8-3A30-41DD-8BF4-2F6F4CACDAD2}.Release|iPhone.ActiveCfg = Release|Any CPU
		{E2D495D8-3A30-41DD-8BF4-2F6F4CACDAD2}.Release|iPhone.Build.0 = Release|Any CPU
		{E2D495D8-3A30-41DD-8BF4-2F6F4CACDAD2}.Release|iPhone.Deploy.0 = Release|Any CPU
		{E2D495D8-3A30-41DD-8BF4-2F6F4CACDAD2}.Release|iPhoneSimulator.ActiveCfg = Release|Any CPU
		{E2D495D8-3A30-41DD-8BF4-2F6F4CACDAD2}.Release|iPhoneSimulator.Build.0 = Release|Any CPU
		{E2D495D8-3A30-41DD-8BF4-2F6F4CACDAD2}.Release|iPhoneSimulator.Deploy.0 = Release|Any CPU
	EndGlobalSection
	GlobalSection(SolutionProperties) = preSolution
		HideSolutionNode = FALSE
	EndGlobalSection
	GlobalSection(ExtensibilityGlobals) = postSolution
		SolutionGuid = {5E6CFAAC-E33C-4746-9DF4-125B90D178B6}
	EndGlobalSection
EndGlobal
